
Microsoft Visual Studio Solution File, Format Version 12.00
# Visual Studio Version 17
VisualStudioVersion = 17.11.35219.272
MinimumVisualStudioVersion = 10.0.40219.1
Project("{FAE04EC0-301F-11D3-BF4B-00C04F79EFBC}") = "Tarea9_ProyectoBlazor_ProgramacionWeb", "Tarea9_ProyectoBlazor_ProgramacionWeb\Tarea9_ProyectoBlazor_ProgramacionWeb.csproj", "{214F095C-431D-418A-8A15-EBEA102FEDE3}"
EndProject
Global
	GlobalSection(SolutionConfigurationPlatforms) = preSolution
		Debug|Any CPU = Debug|Any CPU
		Release|Any CPU = Release|Any CPU
	EndGlobalSection
	GlobalSection(ProjectConfigurationPlatforms) = postSolution
		{214F095C-431D-418A-8A15-EBEA102FEDE3}.Debug|Any CPU.ActiveCfg = Debug|Any CPU
		{214F095C-431D-418A-8A15-EBEA102FEDE3}.Debug|Any CPU.Build.0 = Debug|Any CPU
		{214F095C-431D-418A-8A15-EBEA102FEDE3}.Release|Any CPU.ActiveCfg = Release|Any CPU
		{214F095C-431D-418A-8A15-EBEA102FEDE3}.Release|Any CPU.Build.0 = Release|Any CPU
	EndGlobalSection
	GlobalSection(SolutionProperties) = preSolution
		HideSolutionNode = FALSE
	EndGlobalSection
	GlobalSection(ExtensibilityGlobals) = postSolution
		SolutionGuid = {DA3DD269-C2EA-409C-AF94-A5F8BDE564D7}
	EndGlobalSection
EndGlobal
